{
  "version": 4,
  "terraform_version": "1.1.7",
  "serial": 75,
  "lineage": "bec09a22-a3e6-beeb-0197-d36a83563231",
  "outputs": {
    "s3-bucket": {
      "value": {
        "s3-bucket-arn": "arn:aws:s3:::terraform-test-bucket-123",
        "s3-versioning-output": {
          "bucket": "terraform-test-bucket-123",
          "expected_bucket_owner": "",
          "id": "terraform-test-bucket-123",
          "mfa": null,
          "versioning_configuration": [
            {
              "mfa_delete": "",
              "status": "Suspended"
            }
          ]
        }
      },
      "type": [
        "object",
        {
          "s3-bucket-arn": "string",
          "s3-versioning-output": [
            "object",
            {
              "bucket": "string",
              "expected_bucket_owner": "string",
              "id": "string",
              "mfa": "string",
              "versioning_configuration": [
                "list",
                [
                  "object",
                  {
                    "mfa_delete": "string",
                    "status": "string"
                  }
                ]
              ]
            }
          ]
        }
      ]
    }
  },
  "resources": [
    {
      "module": "module.s3-bucket",
      "mode": "managed",
      "type": "aws_s3_bucket",
      "name": "s3-bucket",
      "provider": "provider[\"registry.terraform.io/hashicorp/aws\"]",
      "instances": [
        {
          "schema_version": 0,
          "attributes": {
            "acceleration_status": "",
            "acl": null,
            "arn": "arn:aws:s3:::terraform-test-bucket-123",
            "bucket": "terraform-test-bucket-123",
            "bucket_domain_name": "terraform-test-bucket-123.s3.amazonaws.com",
            "bucket_prefix": null,
            "bucket_regional_domain_name": "terraform-test-bucket-123.s3.amazonaws.com",
            "cors_rule": [],
            "force_destroy": false,
            "grant": [
              {
                "id": "899b81b1cfe027c3a8e4b42a4a1245830fac895212c3e8ccde99dcf5f1c7490d",
                "permissions": [
                  "FULL_CONTROL"
                ],
                "type": "CanonicalUser",
                "uri": ""
              }
            ],
            "hosted_zone_id": "Z3AQBSTGFYJSTF",
            "id": "terraform-test-bucket-123",
            "lifecycle_rule": [],
            "logging": [],
            "object_lock_configuration": [],
            "object_lock_enabled": false,
            "policy": "",
            "region": "us-east-1",
            "replication_configuration": [],
            "request_payer": "BucketOwner",
            "server_side_encryption_configuration": [],
            "tags": {},
            "tags_all": {},
            "versioning": [
              {
                "enabled": false,
                "mfa_delete": false
              }
            ],
            "website": [],
            "website_domain": null,
            "website_endpoint": null
          },
          "sensitive_attributes": [],
          "private": "bnVsbA=="
        }
      ]
    },
    {
      "module": "module.s3-bucket",
      "mode": "managed",
      "type": "aws_s3_bucket_versioning",
      "name": "s3-bucket-versioning",
      "provider": "provider[\"registry.terraform.io/hashicorp/aws\"]",
      "instances": [
        {
          "schema_version": 0,
          "attributes": {
            "bucket": "terraform-test-bucket-123",
            "expected_bucket_owner": "",
            "id": "terraform-test-bucket-123",
            "mfa": null,
            "versioning_configuration": [
              {
                "mfa_delete": "",
                "status": "Suspended"
              }
            ]
          },
          "sensitive_attributes": [],
          "private": "bnVsbA==",
          "dependencies": [
            "module.s3-bucket.aws_s3_bucket.s3-bucket"
          ]
        }
      ]
    }
  ]
}
